
Microsoft Visual Studio Solution File, Format Version 12.00
# Visual Studio Version 17
VisualStudioVersion = 17.9.34728.123
MinimumVisualStudioVersion = 10.0.40219.1
Project("{FAE04EC0-301F-11D3-BF4B-00C04F79EFBC}") = "TradianBackend", "TradianBackend\TradianBackend.csproj", "{F20C41D8-8F16-470B-B3A9-C5C71C125C90}"
EndProject
Global
	GlobalSection(SolutionConfigurationPlatforms) = preSolution
		Debug|Any CPU = Debug|Any CPU
		Release|Any CPU = Release|Any CPU
	EndGlobalSection
	GlobalSection(ProjectConfigurationPlatforms) = postSolution
		{F20C41D8-8F16-470B-B3A9-C5C71C125C90}.Debug|Any CPU.ActiveCfg = Debug|Any CPU
		{F20C41D8-8F16-470B-B3A9-C5C71C125C90}.Debug|Any CPU.Build.0 = Debug|Any CPU
		{F20C41D8-8F16-470B-B3A9-C5C71C125C90}.Release|Any CPU.ActiveCfg = Release|Any CPU
		{F20C41D8-8F16-470B-B3A9-C5C71C125C90}.Release|Any CPU.Build.0 = Release|Any CPU
	EndGlobalSection
	GlobalSection(SolutionProperties) = preSolution
		HideSolutionNode = FALSE
	EndGlobalSection
	GlobalSection(ExtensibilityGlobals) = postSolution
		SolutionGuid = {F4EE0C46-2463-4A77-9B97-2382F874B361}
	EndGlobalSection
EndGlobal
